
Microsoft Visual Studio Solution File, Format Version 12.00
# Visual Studio Version 17
VisualStudioVersion = 17.5.33502.453
MinimumVisualStudioVersion = 10.0.40219.1
Project("{9A19103F-16F7-4668-BE54-9A1E7A4F7556}") = "Magic.IndexedDb", "Magic.IndexedDb\Magic.IndexedDb.csproj", "{A92429BE-E180-4150-BFC7-6C09558978D0}"
EndProject
Project("{9A19103F-16F7-4668-BE54-9A1E7A4F7556}") = "TestWasm", "TestWasm\TestWasm.csproj", "{711DC6B6-9F00-4359-A046-9C5865B527C2}"
EndProject
Project("{FAE04EC0-301F-11D3-BF4B-00C04F79EFBC}") = "E2eTestWebApp", "E2eTestWebApp\E2eTestWebApp.csproj", "{D2025B3E-E14F-48E8-8B0E-3BA21762FB92}"
EndProject
Project("{FAE04EC0-301F-11D3-BF4B-00C04F79EFBC}") = "E2eTest", "E2eTest\E2eTest.csproj", "{BCC4F889-502A-43FF-B5C6-21C345E3EB2C}"
EndProject
Project("{FAE04EC0-301F-11D3-BF4B-00C04F79EFBC}") = "TestServer", "TestServer\TestServer\TestServer.csproj", "{F52D8979-97DE-478B-B5DA-E8DACD20A9AC}"
EndProject
Project("{FAE04EC0-301F-11D3-BF4B-00C04F79EFBC}") = "TestServer.Client", "TestServer\TestServer.Client\TestServer.Client.csproj", "{D34C8E12-2846-4F93-B51F-D68FCC2A850F}"
EndProject
Global
	GlobalSection(SolutionConfigurationPlatforms) = preSolution
		Debug|Any CPU = Debug|Any CPU
		Release|Any CPU = Release|Any CPU
	EndGlobalSection
	GlobalSection(ProjectConfigurationPlatforms) = postSolution
		{A92429BE-E180-4150-BFC7-6C09558978D0}.Debug|Any CPU.ActiveCfg = Debug|Any CPU
		{A92429BE-E180-4150-BFC7-6C09558978D0}.Debug|Any CPU.Build.0 = Debug|Any CPU
		{A92429BE-E180-4150-BFC7-6C09558978D0}.Release|Any CPU.ActiveCfg = Release|Any CPU
		{A92429BE-E180-4150-BFC7-6C09558978D0}.Release|Any CPU.Build.0 = Release|Any CPU
		{711DC6B6-9F00-4359-A046-9C5865B527C2}.Debug|Any CPU.ActiveCfg = Debug|Any CPU
		{711DC6B6-9F00-4359-A046-9C5865B527C2}.Debug|Any CPU.Build.0 = Debug|Any CPU
		{711DC6B6-9F00-4359-A046-9C5865B527C2}.Release|Any CPU.ActiveCfg = Release|Any CPU
		{711DC6B6-9F00-4359-A046-9C5865B527C2}.Release|Any CPU.Build.0 = Release|Any CPU
		{D2025B3E-E14F-48E8-8B0E-3BA21762FB92}.Debug|Any CPU.ActiveCfg = Debug|Any CPU
		{D2025B3E-E14F-48E8-8B0E-3BA21762FB92}.Debug|Any CPU.Build.0 = Debug|Any CPU
		{D2025B3E-E14F-48E8-8B0E-3BA21762FB92}.Release|Any CPU.ActiveCfg = Release|Any CPU
		{D2025B3E-E14F-48E8-8B0E-3BA21762FB92}.Release|Any CPU.Build.0 = Release|Any CPU
		{BCC4F889-502A-43FF-B5C6-21C345E3EB2C}.Debug|Any CPU.ActiveCfg = Debug|Any CPU
		{BCC4F889-502A-43FF-B5C6-21C345E3EB2C}.Debug|Any CPU.Build.0 = Debug|Any CPU
		{BCC4F889-502A-43FF-B5C6-21C345E3EB2C}.Release|Any CPU.ActiveCfg = Release|Any CPU
		{BCC4F889-502A-43FF-B5C6-21C345E3EB2C}.Release|Any CPU.Build.0 = Release|Any CPU
		{F52D8979-97DE-478B-B5DA-E8DACD20A9AC}.Debug|Any CPU.ActiveCfg = Debug|Any CPU
		{F52D8979-97DE-478B-B5DA-E8DACD20A9AC}.Debug|Any CPU.Build.0 = Debug|Any CPU
		{F52D8979-97DE-478B-B5DA-E8DACD20A9AC}.Release|Any CPU.ActiveCfg = Release|Any CPU
		{F52D8979-97DE-478B-B5DA-E8DACD20A9AC}.Release|Any CPU.Build.0 = Release|Any CPU
		{D34C8E12-2846-4F93-B51F-D68FCC2A850F}.Debug|Any CPU.ActiveCfg = Debug|Any CPU
		{D34C8E12-2846-4F93-B51F-D68FCC2A850F}.Debug|Any CPU.Build.0 = Debug|Any CPU
		{D34C8E12-2846-4F93-B51F-D68FCC2A850F}.Release|Any CPU.ActiveCfg = Release|Any CPU
		{D34C8E12-2846-4F93-B51F-D68FCC2A850F}.Release|Any CPU.Build.0 = Release|Any CPU
	EndGlobalSection
	GlobalSection(SolutionProperties) = preSolution
		HideSolutionNode = FALSE
	EndGlobalSection
	GlobalSection(ExtensibilityGlobals) = postSolution
		SolutionGuid = {10CDB883-1C38-4BFD-AD2A-C72EEF68556F}
	EndGlobalSection
EndGlobal
